
Microsoft Visual Studio Solution File, Format Version 12.00
# Visual Studio Version 17
VisualStudioVersion = 17.6.33927.249
MinimumVisualStudioVersion = 10.0.40219.1
Project("{FAE04EC0-301F-11D3-BF4B-00C04F79EFBC}") = "ConsoleApp1", "ConsoleApp1\ConsoleApp1.csproj", "{4B0A4752-18C6-46BD-AB16-B2C79FFC4F56}"
EndProject
Global
	GlobalSection(SolutionConfigurationPlatforms) = preSolution
		Debug|Any CPU = Debug|Any CPU
		Release|Any CPU = Release|Any CPU
	EndGlobalSection
	GlobalSection(ProjectConfigurationPlatforms) = postSolution
		{4B0A4752-18C6-46BD-AB16-B2C79FFC4F56}.Debug|Any CPU.ActiveCfg = Debug|Any CPU
		{4B0A4752-18C6-46BD-AB16-B2C79FFC4F56}.Debug|Any CPU.Build.0 = Debug|Any CPU
		{4B0A4752-18C6-46BD-AB16-B2C79FFC4F56}.Release|Any CPU.ActiveCfg = Release|Any CPU
		{4B0A4752-18C6-46BD-AB16-B2C79FFC4F56}.Release|Any CPU.Build.0 = Release|Any CPU
	EndGlobalSection
	GlobalSection(SolutionProperties) = preSolution
		HideSolutionNode = FALSE
	EndGlobalSection
	GlobalSection(ExtensibilityGlobals) = postSolution
		SolutionGuid = {B46FBB55-26F6-42C0-91A2-AF97E2F29E5B}
	EndGlobalSection
EndGlobal
